// !$*UTF8*$!
{
	archiveVersion = 1;
	classes = {
	};
	objectVersion = 46;
	objects = {

/* Begin PBXBuildFile section */
		9572322D19FA201200B2FE38 /* LecturesDetailViewController.swift in Sources */ = {isa = PBXBuildFile; fileRef = 9572322C19FA201200B2FE38 /* LecturesDetailViewController.swift */; };
		9572323619FA8D4500B2FE38 /* MUApi.swift in Sources */ = {isa = PBXBuildFile; fileRef = 9572323419FA8D4500B2FE38 /* MUApi.swift */; };
		957744CC19EECB1800E61FDC /* LecturesViewController.swift in Sources */ = {isa = PBXBuildFile; fileRef = 957744CB19EECB1800E61FDC /* LecturesViewController.swift */; };
		95A1BDF119FBD925008457C5 /* Lecture.swift in Sources */ = {isa = PBXBuildFile; fileRef = 95A1BDF019FBD925008457C5 /* Lecture.swift */; };
		95E0A13A19EEA9A5000E96A8 /* AppDelegate.swift in Sources */ = {isa = PBXBuildFile; fileRef = 95E0A13919EEA9A5000E96A8 /* AppDelegate.swift */; };
		95E0A13C19EEA9A5000E96A8 /* LoginViewController.swift in Sources */ = {isa = PBXBuildFile; fileRef = 95E0A13B19EEA9A5000E96A8 /* LoginViewController.swift */; };
		95E0A13F19EEA9A5000E96A8 /* Lectures.storyboard in Resources */ = {isa = PBXBuildFile; fileRef = 95E0A13D19EEA9A5000E96A8 /* Lectures.storyboard */; };
		95E0A14119EEA9A5000E96A8 /* Images.xcassets in Resources */ = {isa = PBXBuildFile; fileRef = 95E0A14019EEA9A5000E96A8 /* Images.xcassets */; };
		95E0A14419EEA9A5000E96A8 /* LaunchScreen.xib in Resources */ = {isa = PBXBuildFile; fileRef = 95E0A14219EEA9A5000E96A8 /* LaunchScreen.xib */; };
		95E0A15019EEA9A6000E96A8 /* MU111_hw4Tests.swift in Sources */ = {isa = PBXBuildFile; fileRef = 95E0A14F19EEA9A6000E96A8 /* MU111_hw4Tests.swift */; };
		95E0A15C19EEAA6E000E96A8 /* Login.storyboard in Resources */ = {isa = PBXBuildFile; fileRef = 95E0A15B19EEAA6E000E96A8 /* Login.storyboard */; };
/* End PBXBuildFile section */

/* Begin PBXContainerItemProxy section */
		95E0A14A19EEA9A6000E96A8 /* PBXContainerItemProxy */ = {
			isa = PBXContainerItemProxy;
			containerPortal = 95E0A12C19EEA9A5000E96A8 /* Project object */;
			proxyType = 1;
			remoteGlobalIDString = 95E0A13319EEA9A5000E96A8;
			remoteInfo = "MU111-hw4";
		};
/* End PBXContainerItemProxy section */

/* Begin PBXFileReference section */
		9572322C19FA201200B2FE38 /* LecturesDetailViewController.swift */ = {isa = PBXFileReference; fileEncoding = 4; lastKnownFileType = sourcecode.swift; path = LecturesDetailViewController.swift; sourceTree = "<group>"; };
		9572323419FA8D4500B2FE38 /* MUApi.swift */ = {isa = PBXFileReference; fileEncoding = 4; lastKnownFileType = sourcecode.swift; name = MUApi.swift; path = Model/MUApi.swift; sourceTree = "<group>"; };
		957744CB19EECB1800E61FDC /* LecturesViewController.swift */ = {isa = PBXFileReference; fileEncoding = 4; lastKnownFileType = sourcecode.swift; path = LecturesViewController.swift; sourceTree = "<group>"; };
		95A1BDF019FBD925008457C5 /* Lecture.swift */ = {isa = PBXFileReference; fileEncoding = 4; lastKnownFileType = sourcecode.swift; name = Lecture.swift; path = Model/Lecture.swift; sourceTree = "<group>"; };
		95E0A13419EEA9A5000E96A8 /* MU111-hw4.app */ = {isa = PBXFileReference; explicitFileType = wrapper.application; includeInIndex = 0; path = "MU111-hw4.app"; sourceTree = BUILT_PRODUCTS_DIR; };
		95E0A13819EEA9A5000E96A8 /* Info.plist */ = {isa = PBXFileReference; lastKnownFileType = text.plist.xml; path = Info.plist; sourceTree = "<group>"; };
		95E0A13919EEA9A5000E96A8 /* AppDelegate.swift */ = {isa = PBXFileReference; lastKnownFileType = sourcecode.swift; path = AppDelegate.swift; sourceTree = "<group>"; };
		95E0A13B19EEA9A5000E96A8 /* LoginViewController.swift */ = {isa = PBXFileReference; lastKnownFileType = sourcecode.swift; path = LoginViewController.swift; sourceTree = "<group>"; };
		95E0A13E19EEA9A5000E96A8 /* Base */ = {isa = PBXFileReference; lastKnownFileType = file.storyboard; name = Base; path = Base.lproj/Lectures.storyboard; sourceTree = "<group>"; };
		95E0A14019EEA9A5000E96A8 /* Images.xcassets */ = {isa = PBXFileReference; lastKnownFileType = folder.assetcatalog; path = Images.xcassets; sourceTree = "<group>"; };
		95E0A14319EEA9A5000E96A8 /* Base */ = {isa = PBXFileReference; lastKnownFileType = file.xib; name = Base; path = Base.lproj/LaunchScreen.xib; sourceTree = "<group>"; };
		95E0A14919EEA9A6000E96A8 /* MU111-hw4Tests.xctest */ = {isa = PBXFileReference; explicitFileType = wrapper.cfbundle; includeInIndex = 0; path = "MU111-hw4Tests.xctest"; sourceTree = BUILT_PRODUCTS_DIR; };
		95E0A14E19EEA9A6000E96A8 /* Info.plist */ = {isa = PBXFileReference; lastKnownFileType = text.plist.xml; path = Info.plist; sourceTree = "<group>"; };
		95E0A14F19EEA9A6000E96A8 /* MU111_hw4Tests.swift */ = {isa = PBXFileReference; lastKnownFileType = sourcecode.swift; path = MU111_hw4Tests.swift; sourceTree = "<group>"; };
		95E0A15B19EEAA6E000E96A8 /* Login.storyboard */ = {isa = PBXFileReference; fileEncoding = 4; lastKnownFileType = file.storyboard; path = Login.storyboard; sourceTree = "<group>"; };
/* End PBXFileReference section */

/* Begin PBXFrameworksBuildPhase section */
		95E0A13119EEA9A5000E96A8 /* Frameworks */ = {
			isa = PBXFrameworksBuildPhase;
			buildActionMask = 2147483647;
			files = (
			);
			runOnlyForDeploymentPostprocessing = 0;
		};
		95E0A14619EEA9A6000E96A8 /* Frameworks */ = {
			isa = PBXFrameworksBuildPhase;
			buildActionMask = 2147483647;
			files = (
			);
			runOnlyForDeploymentPostprocessing = 0;
		};
/* End PBXFrameworksBuildPhase section */

/* Begin PBXGroup section */
		9572322E19FA6E4800B2FE38 /* Model */ = {
			isa = PBXGroup;
			children = (
				95A1BDF019FBD925008457C5 /* Lecture.swift */,
				9572323419FA8D4500B2FE38 /* MUApi.swift */,
			);
			name = Model;
			sourceTree = "<group>";
		};
		95E0A12B19EEA9A5000E96A8 = {
			isa = PBXGroup;
			children = (
				95E0A13619EEA9A5000E96A8 /* MU111-hw4 */,
				95E0A14C19EEA9A6000E96A8 /* MU111-hw4Tests */,
				95E0A13519EEA9A5000E96A8 /* Products */,
			);
			sourceTree = "<group>";
		};
		95E0A13519EEA9A5000E96A8 /* Products */ = {
			isa = PBXGroup;
			children = (
				95E0A13419EEA9A5000E96A8 /* MU111-hw4.app */,
				95E0A14919EEA9A6000E96A8 /* MU111-hw4Tests.xctest */,
			);
			name = Products;
			sourceTree = "<group>";
		};
		95E0A13619EEA9A5000E96A8 /* MU111-hw4 */ = {
			isa = PBXGroup;
			children = (
				9572322E19FA6E4800B2FE38 /* Model */,
				95E0A15A19EEA9CB000E96A8 /* Controllers */,
				95E0A13919EEA9A5000E96A8 /* AppDelegate.swift */,
				95E0A13D19EEA9A5000E96A8 /* Lectures.storyboard */,
				95E0A15B19EEAA6E000E96A8 /* Login.storyboard */,
				95E0A14019EEA9A5000E96A8 /* Images.xcassets */,
				95E0A14219EEA9A5000E96A8 /* LaunchScreen.xib */,
				95E0A13719EEA9A5000E96A8 /* Supporting Files */,
			);
			path = "MU111-hw4";
			sourceTree = "<group>";
		};
		95E0A13719EEA9A5000E96A8 /* Supporting Files */ = {
			isa = PBXGroup;
			children = (
				95E0A13819EEA9A5000E96A8 /* Info.plist */,
			);
			name = "Supporting Files";
			sourceTree = "<group>";
		};
		95E0A14C19EEA9A6000E96A8 /* MU111-hw4Tests */ = {
			isa = PBXGroup;
			children = (
				95E0A14F19EEA9A6000E96A8 /* MU111_hw4Tests.swift */,
				95E0A14D19EEA9A6000E96A8 /* Supporting Files */,
			);
			path = "MU111-hw4Tests";
			sourceTree = "<group>";
		};
		95E0A14D19EEA9A6000E96A8 /* Supporting Files */ = {
			isa = PBXGroup;
			children = (
				95E0A14E19EEA9A6000E96A8 /* Info.plist */,
			);
			name = "Supporting Files";
			sourceTree = "<group>";
		};
		95E0A15A19EEA9CB000E96A8 /* Controllers */ = {
			isa = PBXGroup;
			children = (
				957744CB19EECB1800E61FDC /* LecturesViewController.swift */,
				95E0A13B19EEA9A5000E96A8 /* LoginViewController.swift */,
				9572322C19FA201200B2FE38 /* LecturesDetailViewController.swift */,
			);
			name = Controllers;
			sourceTree = "<group>";
		};
/* End PBXGroup section */

/* Begin PBXNativeTarget section */
		95E0A13319EEA9A5000E96A8 /* MU111-hw4 */ = {
			isa = PBXNativeTarget;
			buildConfigurationList = 95E0A15319EEA9A6000E96A8 /* Build configuration list for PBXNativeTarget "MU111-hw4" */;
			buildPhases = (
				95E0A13019EEA9A5000E96A8 /* Sources */,
				95E0A13119EEA9A5000E96A8 /* Frameworks */,
				95E0A13219EEA9A5000E96A8 /* Resources */,
			);
			buildRules = (
			);
			dependencies = (
			);
			name = "MU111-hw4";
			productName = "MU111-hw4";
			productReference = 95E0A13419EEA9A5000E96A8 /* MU111-hw4.app */;
			productType = "com.apple.product-type.application";
		};
		95E0A14819EEA9A6000E96A8 /* MU111-hw4Tests */ = {
			isa = PBXNativeTarget;
			buildConfigurationList = 95E0A15619EEA9A6000E96A8 /* Build configuration list for PBXNativeTarget "MU111-hw4Tests" */;
			buildPhases = (
				95E0A14519EEA9A6000E96A8 /* Sources */,
				95E0A14619EEA9A6000E96A8 /* Frameworks */,
				95E0A14719EEA9A6000E96A8 /* Resources */,
			);
			buildRules = (
			);
			dependencies = (
				95E0A14B19EEA9A6000E96A8 /* PBXTargetDependency */,
			);
			name = "MU111-hw4Tests";
			productName = "MU111-hw4Tests";
			productReference = 95E0A14919EEA9A6000E96A8 /* MU111-hw4Tests.xctest */;
			productType = "com.apple.product-type.bundle.unit-test";
		};
/* End PBXNativeTarget section */

/* Begin PBXProject section */
		95E0A12C19EEA9A5000E96A8 /* Project object */ = {
			isa = PBXProject;
			attributes = {
				LastUpgradeCheck = 0610;
				ORGANIZATIONNAME = "Danilenko Evgeny";
				TargetAttributes = {
					95E0A13319EEA9A5000E96A8 = {
						CreatedOnToolsVersion = 6.1;
					};
					95E0A14819EEA9A6000E96A8 = {
						CreatedOnToolsVersion = 6.1;
						TestTargetID = 95E0A13319EEA9A5000E96A8;
					};
				};
			};
			buildConfigurationList = 95E0A12F19EEA9A5000E96A8 /* Build configuration list for PBXProject "MU111-hw4" */;
			compatibilityVersion = "Xcode 3.2";
			developmentRegion = English;
			hasScannedForEncodings = 0;
			knownRegions = (
				en,
				Base,
			);
			mainGroup = 95E0A12B19EEA9A5000E96A8;
			productRefGroup = 95E0A13519EEA9A5000E96A8 /* Products */;
			projectDirPath = "";
			projectRoot = "";
			targets = (
				95E0A13319EEA9A5000E96A8 /* MU111-hw4 */,
				95E0A14819EEA9A6000E96A8 /* MU111-hw4Tests */,
			);
		};
/* End PBXProject section */

/* Begin PBXResourcesBuildPhase section */
		95E0A13219EEA9A5000E96A8 /* Resources */ = {
			isa = PBXResourcesBuildPhase;
			buildActionMask = 2147483647;
			files = (
				95E0A13F19EEA9A5000E96A8 /* Lectures.storyboard in Resources */,
				95E0A15C19EEAA6E000E96A8 /* Login.storyboard in Resources */,
				95E0A14419EEA9A5000E96A8 /* LaunchScreen.xib in Resources */,
				95E0A14119EEA9A5000E96A8 /* Images.xcassets in Resources */,
			);
			runOnlyForDeploymentPostprocessing = 0;
		};
		95E0A14719EEA9A6000E96A8 /* Resources */ = {
			isa = PBXResourcesBuildPhase;
			buildActionMask = 2147483647;
			files = (
			);
			runOnlyForDeploymentPostprocessing = 0;
		};
/* End PBXResourcesBuildPhase section */

/* Begin PBXSourcesBuildPhase section */
		95E0A13019EEA9A5000E96A8 /* Sources */ = {
			isa = PBXSourcesBuildPhase;
			buildActionMask = 2147483647;
			files = (
				95A1BDF119FBD925008457C5 /* Lecture.swift in Sources */,
				95E0A13C19EEA9A5000E96A8 /* LoginViewController.swift in Sources */,
				957744CC19EECB1800E61FDC /* LecturesViewController.swift in Sources */,
				9572323619FA8D4500B2FE38 /* MUApi.swift in Sources */,
				9572322D19FA201200B2FE38 /* LecturesDetailViewController.swift in Sources */,
				95E0A13A19EEA9A5000E96A8 /* AppDelegate.swift in Sources */,
			);
			runOnlyForDeploymentPostprocessing = 0;
		};
		95E0A14519EEA9A6000E96A8 /* Sources */ = {
			isa = PBXSourcesBuildPhase;
			buildActionMask = 2147483647;
			files = (
				95E0A15019EEA9A6000E96A8 /* MU111_hw4Tests.swift in Sources */,
			);
			runOnlyForDeploymentPostprocessing = 0;
		};
/* End PBXSourcesBuildPhase section */

/* Begin PBXTargetDependency section */
		95E0A14B19EEA9A6000E96A8 /* PBXTargetDependency */ = {
			isa = PBXTargetDependency;
			target = 95E0A13319EEA9A5000E96A8 /* MU111-hw4 */;
			targetProxy = 95E0A14A19EEA9A6000E96A8 /* PBXContainerItemProxy */;
		};
/* End PBXTargetDependency section */

/* Begin PBXVariantGroup section */
		95E0A13D19EEA9A5000E96A8 /* Lectures.storyboard */ = {
			isa = PBXVariantGroup;
			children = (
				95E0A13E19EEA9A5000E96A8 /* Base */,
			);
			name = Lectures.storyboard;
			sourceTree = "<group>";
		};
		95E0A14219EEA9A5000E96A8 /* LaunchScreen.xib */ = {
			isa = PBXVariantGroup;
			children = (
				95E0A14319EEA9A5000E96A8 /* Base */,
			);
			name = LaunchScreen.xib;
			sourceTree = "<group>";
		};
/* End PBXVariantGroup section */

/* Begin XCBuildConfiguration section */
		95E0A15119EEA9A6000E96A8 /* Debug */ = {
			isa = XCBuildConfiguration;
			buildSettings = {
				ALWAYS_SEARCH_USER_PATHS = NO;
				CLANG_CXX_LANGUAGE_STANDARD = "gnu++0x";
				CLANG_CXX_LIBRARY = "libc++";
				CLANG_ENABLE_MODULES = YES;
				CLANG_ENABLE_OBJC_ARC = YES;
				CLANG_WARN_BOOL_CONVERSION = YES;
				CLANG_WARN_CONSTANT_CONVERSION = YES;
				CLANG_WARN_DIRECT_OBJC_ISA_USAGE = YES_ERROR;
				CLANG_WARN_EMPTY_BODY = YES;
				CLANG_WARN_ENUM_CONVERSION = YES;
				CLANG_WARN_INT_CONVERSION = YES;
				CLANG_WARN_OBJC_ROOT_CLASS = YES_ERROR;
				CLANG_WARN_UNREACHABLE_CODE = YES;
				CLANG_WARN__DUPLICATE_METHOD_MATCH = YES;
				"CODE_SIGN_IDENTITY[sdk=iphoneos*]" = "iPhone Developer";
				COPY_PHASE_STRIP = NO;
				ENABLE_STRICT_OBJC_MSGSEND = YES;
				GCC_C_LANGUAGE_STANDARD = gnu99;
				GCC_DYNAMIC_NO_PIC = NO;
				GCC_OPTIMIZATION_LEVEL = 0;
				GCC_PREPROCESSOR_DEFINITIONS = (
					"DEBUG=1",
					"$(inherited)",
				);
				GCC_SYMBOLS_PRIVATE_EXTERN = NO;
				GCC_WARN_64_TO_32_BIT_CONVERSION = YES;
				GCC_WARN_ABOUT_RETURN_TYPE = YES_ERROR;
				GCC_WARN_UNDECLARED_SELECTOR = YES;
				GCC_WARN_UNINITIALIZED_AUTOS = YES_AGGRESSIVE;
				GCC_WARN_UNUSED_FUNCTION = YES;
				GCC_WARN_UNUSED_VARIABLE = YES;
				IPHONEOS_DEPLOYMENT_TARGET = 8.1;
				MTL_ENABLE_DEBUG_INFO = YES;
				ONLY_ACTIVE_ARCH = YES;
				SDKROOT = iphoneos;
				SWIFT_OPTIMIZATION_LEVEL = "-Onone";
			};
			name = Debug;
		};
		95E0A15219EEA9A6000E96A8 /* Release */ = {
			isa = XCBuildConfiguration;
			buildSettings = {
				ALWAYS_SEARCH_USER_PATHS = NO;
				CLANG_CXX_LANGUAGE_STANDARD = "gnu++0x";
				CLANG_CXX_LIBRARY = "libc++";
				CLANG_ENABLE_MODULES = YES;
				CLANG_ENABLE_OBJC_ARC = YES;
				CLANG_WARN_BOOL_CONVERSION = YES;
				CLANG_WARN_CONSTANT_CONVERSION = YES;
				CLANG_WARN_DIRECT_OBJC_ISA_USAGE = YES_ERROR;
				CLANG_WARN_EMPTY_BODY = YES;
				CLANG_WARN_ENUM_CONVERSION = YES;
				CLANG_WARN_INT_CONVERSION = YES;
				CLANG_WARN_OBJC_ROOT_CLASS = YES_ERROR;
				CLANG_WARN_UNREACHABLE_CODE = YES;
				CLANG_WARN__DUPLICATE_METHOD_MATCH = YES;
				"CODE_SIGN_IDENTITY[sdk=iphoneos*]" = "iPhone Developer";
				COPY_PHASE_STRIP = YES;
				ENABLE_NS_ASSERTIONS = NO;
				ENABLE_STRICT_OBJC_MSGSEND = YES;
				GCC_C_LANGUAGE_STANDARD = gnu99;
				GCC_WARN_64_TO_32_BIT_CONVERSION = YES;
				GCC_WARN_ABOUT_RETURN_TYPE = YES_ERROR;
				GCC_WARN_UNDECLARED_SELECTOR = YES;
				GCC_WARN_UNINITIALIZED_AUTOS = YES_AGGRESSIVE;
				GCC_WARN_UNUSED_FUNCTION = YES;
				GCC_WARN_UNUSED_VARIABLE = YES;
				IPHONEOS_DEPLOYMENT_TARGET = 8.1;
				MTL_ENABLE_DEBUG_INFO = NO;
				SDKROOT = iphoneos;
				VALIDATE_PRODUCT = YES;
			};
			name = Release;
		};
		95E0A15419EEA9A6000E96A8 /* Debug */ = {
			isa = XCBuildConfiguration;
			buildSettings = {
				ASSETCATALOG_COMPILER_APPICON_NAME = AppIcon;
				INFOPLIST_FILE = "MU111-hw4/Info.plist";
				LD_RUNPATH_SEARCH_PATHS = "$(inherited) @executable_path/Frameworks";
				PRODUCT_NAME = "MU111-hw4";
			};
			name = Debug;
		};
		95E0A15519EEA9A6000E96A8 /* Release */ = {
			isa = XCBuildConfiguration;
			buildSettings = {
				ASSETCATALOG_COMPILER_APPICON_NAME = AppIcon;
				INFOPLIST_FILE = "MU111-hw4/Info.plist";
				LD_RUNPATH_SEARCH_PATHS = "$(inherited) @executable_path/Frameworks";
				PRODUCT_NAME = "MU111-hw4";
			};
			name = Release;
		};
		95E0A15719EEA9A6000E96A8 /* Debug */ = {
			isa = XCBuildConfiguration;
			buildSettings = {
				BUNDLE_LOADER = "$(TEST_HOST)";
				FRAMEWORK_SEARCH_PATHS = (
					"$(SDKROOT)/Developer/Library/Frameworks",
					"$(inherited)",
				);
				GCC_PREPROCESSOR_DEFINITIONS = (
					"DEBUG=1",
					"$(inherited)",
				);
				INFOPLIST_FILE = "MU111-hw4Tests/Info.plist";
				LD_RUNPATH_SEARCH_PATHS = "$(inherited) @executable_path/Frameworks @loader_path/Frameworks";
				PRODUCT_NAME = "MU111-hw4Tests";
				TEST_HOST = "$(BUILT_PRODUCTS_DIR)/MU111-hw4.app/MU111-hw4";
			};
			name = Debug;
		};
		95E0A15819EEA9A6000E96A8 /* Release */ = {
			isa = XCBuildConfiguration;
			buildSettings = {
				BUNDLE_LOADER = "$(TEST_HOST)";
				FRAMEWORK_SEARCH_PATHS = (
					"$(SDKROOT)/Developer/Library/Frameworks",
					"$(inherited)",
				);
				INFOPLIST_FILE = "MU111-hw4Tests/Info.plist";
				LD_RUNPATH_SEARCH_PATHS = "$(inherited) @executable_path/Frameworks @loader_path/Frameworks";
				PRODUCT_NAME = "MU111-hw4Tests";
				TEST_HOST = "$(BUILT_PRODUCTS_DIR)/MU111-hw4.app/MU111-hw4";
			};
			name = Release;
		};
/* End XCBuildConfiguration section */

/* Begin XCConfigurationList section */
		95E0A12F19EEA9A5000E96A8 /* Build configuration list for PBXProject "MU111-hw4" */ = {
			isa = XCConfigurationList;
			buildConfigurations = (
				95E0A15119EEA9A6000E96A8 /* Debug */,
				95E0A15219EEA9A6000E96A8 /* Release */,
			);
			defaultConfigurationIsVisible = 0;
			defaultConfigurationName = Release;
		};
		95E0A15319EEA9A6000E96A8 /* Build configuration list for PBXNativeTarget "MU111-hw4" */ = {
			isa = XCConfigurationList;
			buildConfigurations = (
				95E0A15419EEA9A6000E96A8 /* Debug */,
				95E0A15519EEA9A6000E96A8 /* Release */,
			);
			defaultConfigurationIsVisible = 0;
			defaultConfigurationName = Release;
		};
		95E0A15619EEA9A6000E96A8 /* Build configuration list for PBXNativeTarget "MU111-hw4Tests" */ = {
			isa = XCConfigurationList;
			buildConfigurations = (
				95E0A15719EEA9A6000E96A8 /* Debug */,
				95E0A15819EEA9A6000E96A8 /* Release */,
			);
			defaultConfigurationIsVisible = 0;
			defaultConfigurationName = Release;
		};
/* End XCConfigurationList section */
	};
	rootObject = 95E0A12C19EEA9A5000E96A8 /* Project object */;
}
